{
  "originHash" : "beed1a9e4d2e17ac1e82e835ac2cc90809f53ecb8556bc36ab04903d7e3cf291",
  "pins" : [
    {
      "identity" : "client-sdk-swift",
      "kind" : "remoteSourceControl",
      "location" : "https://github.com/livekit/client-sdk-swift",
      "state" : {
        "revision" : "7f3af1488411a9787e1e94ddd66b0bed2057bed3",
        "version" : "2.15.1"
      }
    },
    {
      "identity" : "livekit-uniffi-xcframework",
      "kind" : "remoteSourceControl",
      "location" : "https://github.com/livekit/livekit-uniffi-xcframework.git",
      "state" : {
        "revision" : "7c161254ce7cd55debc48023f69a917076b12a26",
        "version" : "0.0.6"
      }
    },
    {
      "identity" : "matrix-rust-components-swift",
      "kind" : "remoteSourceControl",
      "location" : "https://github.com/matrix-org/matrix-rust-components-swift",
      "state" : {
        "revision" : "ec3b2161ba371a13609e7181077d2f3baef188f5",
        "version" : "26.6.6"
      }
    },
    {
      "identity" : "swift-protobuf",
      "kind" : "remoteSourceControl",
      "location" : "https://github.com/apple/swift-protobuf.git",
      "state" : {
        "revision" : "f6506eaa86ed2e01cb0ae14a75035b7fdbf0918f",
        "version" : "1.38.0"
      }
    },
    {
      "identity" : "webrtc-xcframework",
      "kind" : "remoteSourceControl",
      "location" : "https://github.com/livekit/webrtc-xcframework.git",
      "state" : {
        "revision" : "883f7f39f0733be564eb033d7fa6ce10960f7b7e",
        "version" : "144.7559.10"
      }
    }
  ],
  "version" : 3
}
