{
  "originHash" : "6c542309bc3e806f061c41054f96023ef09c12c16fd5c288ab6028ddfe261e92",
  "pins" : [
    {
      "identity" : "matrix-rust-components-swift",
      "kind" : "remoteSourceControl",
      "location" : "https://github.com/matrix-org/matrix-rust-components-swift",
      "state" : {
        "revision" : "2916f3f9cc2aea86ba3a820cb6a8389e13e0284a",
        "version" : "26.4.1"
      }
    }
  ],
  "version" : 3
}
